{
  "meteor": {},
  "dependencies": {
    "basePackages": {
      "scss": {},
      "bourbon": {}
    },
    "packages": {
      "scss": {
        "git": "https://github.com/fourseven/meteor-scss.git",
        "tag": "v0.8.7",
        "commit": "d085b7272eacc20866abff61b25c915a22ddbcf4"
      },
      "bourbon": {
        "git": "https://github.com/chicagogrooves/meteor-bourbon.git",
        "tag": "v3.1.8.1",
        "commit": "b55f0968fe7d4a2886898cd8e81394de066a3ae1"
      }
    }
  }
}
